
Microsoft Visual Studio Solution File, Format Version 12.00
# Blend for Visual Studio 15
VisualStudioVersion = 15.0.28010.2048
MinimumVisualStudioVersion = 10.0.40219.1
Project("{FAE04EC0-301F-11D3-BF4B-00C04F79EFBC}") = "RozrostZiaren", "RozrostZiaren.csproj", "{C254B7F7-1819-432F-A53C-9BC49A0F6832}"
EndProject
Global
	GlobalSection(SolutionConfigurationPlatforms) = preSolution
		Debug|Any CPU = Debug|Any CPU
		Release|Any CPU = Release|Any CPU
	EndGlobalSection
	GlobalSection(ProjectConfigurationPlatforms) = postSolution
		{C254B7F7-1819-432F-A53C-9BC49A0F6832}.Debug|Any CPU.ActiveCfg = Debug|Any CPU
		{C254B7F7-1819-432F-A53C-9BC49A0F6832}.Debug|Any CPU.Build.0 = Debug|Any CPU
		{C254B7F7-1819-432F-A53C-9BC49A0F6832}.Release|Any CPU.ActiveCfg = Release|Any CPU
		{C254B7F7-1819-432F-A53C-9BC49A0F6832}.Release|Any CPU.Build.0 = Release|Any CPU
	EndGlobalSection
	GlobalSection(SolutionProperties) = preSolution
		HideSolutionNode = FALSE
	EndGlobalSection
	GlobalSection(ExtensibilityGlobals) = postSolution
		SolutionGuid = {3257FA9F-2AFF-4D88-8E09-B652B46EBEDF}
	EndGlobalSection
EndGlobal
